// !$*UTF8*$!
{
	archiveVersion = 1;
	classes = {
	};
	objectVersion = 56;
	objects = {

/* Begin PBXBuildFile section */
		7C13C1132AE9025900D14041 /* BreedsDataSource.swift in Sources */ = {isa = PBXBuildFile; fileRef = 7C13C1122AE9025900D14041 /* BreedsDataSource.swift */; };
		7C13C1162AE9033400D14041 /* DogsFilterViewController.swift in Sources */ = {isa = PBXBuildFile; fileRef = 7C13C1152AE9033400D14041 /* DogsFilterViewController.swift */; };
		7C13C11A2AE906D100D14041 /* SelectBreedFilterViewController.swift in Sources */ = {isa = PBXBuildFile; fileRef = 7C13C1192AE906D100D14041 /* SelectBreedFilterViewController.swift */; };
		7C13C11D2AE9082D00D14041 /* BreedsCollectionViewCell.swift in Sources */ = {isa = PBXBuildFile; fileRef = 7C13C11C2AE9082D00D14041 /* BreedsCollectionViewCell.swift */; };
		7C13C1202AEA5BB400D14041 /* SelectBreedViewModel.swift in Sources */ = {isa = PBXBuildFile; fileRef = 7C13C11F2AEA5BB400D14041 /* SelectBreedViewModel.swift */; };
		7C13C1222AEA5BC100D14041 /* SelectBreedState.swift in Sources */ = {isa = PBXBuildFile; fileRef = 7C13C1212AEA5BC100D14041 /* SelectBreedState.swift */; };
		7C13C1272AEA5C8E00D14041 /* SelectBreedAction.swift in Sources */ = {isa = PBXBuildFile; fileRef = 7C13C1262AEA5C8E00D14041 /* SelectBreedAction.swift */; };
		7C13C12A2AEBDC1100D14041 /* DogFiltersViewModel.swift in Sources */ = {isa = PBXBuildFile; fileRef = 7C13C1292AEBDC1100D14041 /* DogFiltersViewModel.swift */; };
		7C13C12D2AEBDC6200D14041 /* DogFiltersState.swift in Sources */ = {isa = PBXBuildFile; fileRef = 7C13C12C2AEBDC6200D14041 /* DogFiltersState.swift */; };
		7C13C12F2AEBDC9D00D14041 /* DogFiltersAction.swift in Sources */ = {isa = PBXBuildFile; fileRef = 7C13C12E2AEBDC9D00D14041 /* DogFiltersAction.swift */; };
		7C13C1312AF12DBA00D14041 /* FilterForDogs.swift in Sources */ = {isa = PBXBuildFile; fileRef = 7C13C1302AF12DBA00D14041 /* FilterForDogs.swift */; };
		7C13C1382AFA4EB500D14041 /* BreedsDataModel.swift in Sources */ = {isa = PBXBuildFile; fileRef = 7C13C1372AFA4EB500D14041 /* BreedsDataModel.swift */; };
		7C429FD22AC4228600D43549 /* DogListViewModel.swift in Sources */ = {isa = PBXBuildFile; fileRef = 7C429FD12AC4228600D43549 /* DogListViewModel.swift */; };
		7CB798252AC1BA83001E4801 /* AppDelegate.swift in Sources */ = {isa = PBXBuildFile; fileRef = 7CB798242AC1BA83001E4801 /* AppDelegate.swift */; };
		7CB798272AC1BA83001E4801 /* SceneDelegate.swift in Sources */ = {isa = PBXBuildFile; fileRef = 7CB798262AC1BA83001E4801 /* SceneDelegate.swift */; };
		7CB7982E2AC1BA84001E4801 /* Assets.xcassets in Resources */ = {isa = PBXBuildFile; fileRef = 7CB7982D2AC1BA84001E4801 /* Assets.xcassets */; };
		7CB7983D2AC1BC3D001E4801 /* DogsListViewController.swift in Sources */ = {isa = PBXBuildFile; fileRef = 7CB7983C2AC1BC3D001E4801 /* DogsListViewController.swift */; };
		7CB798412AC1C387001E4801 /* AddNewDogViewController.swift in Sources */ = {isa = PBXBuildFile; fileRef = 7CB798402AC1C387001E4801 /* AddNewDogViewController.swift */; };
		7CB798462AC1CCCF001E4801 /* FetchDogCoreDataModel.swift in Sources */ = {isa = PBXBuildFile; fileRef = 7CB798452AC1CCCF001E4801 /* FetchDogCoreDataModel.swift */; };
		7CB798482AC1D138001E4801 /* DogsListCollectionViewCell.swift in Sources */ = {isa = PBXBuildFile; fileRef = 7CB798472AC1D138001E4801 /* DogsListCollectionViewCell.swift */; };
		7CB7984A2AC41FE7001E4801 /* DogListState.swift in Sources */ = {isa = PBXBuildFile; fileRef = 7CB798492AC41FE7001E4801 /* DogListState.swift */; };
		7CC0B4F22ADE75E3007B80BD /* DogDetailsViewController.swift in Sources */ = {isa = PBXBuildFile; fileRef = 7CC0B4F12ADE75E3007B80BD /* DogDetailsViewController.swift */; };
		7CC0B4F42ADE8070007B80BD /* DogDetailsViewModel.swift in Sources */ = {isa = PBXBuildFile; fileRef = 7CC0B4F32ADE8070007B80BD /* DogDetailsViewModel.swift */; };
		7CC0B4F72ADFCDBB007B80BD /* CalculateDates.swift in Sources */ = {isa = PBXBuildFile; fileRef = 7CC0B4F62ADFCDBB007B80BD /* CalculateDates.swift */; };
		7CC0B4F92ADFD499007B80BD /* SaveDogCoreDataModel.swift in Sources */ = {isa = PBXBuildFile; fileRef = 7CC0B4F82ADFD499007B80BD /* SaveDogCoreDataModel.swift */; };
		7CC0B4FB2ADFE5BC007B80BD /* DogDetailsState.swift in Sources */ = {isa = PBXBuildFile; fileRef = 7CC0B4FA2ADFE5BC007B80BD /* DogDetailsState.swift */; };
		7CC0B4FD2ADFE712007B80BD /* DogDetailsAction.swift in Sources */ = {isa = PBXBuildFile; fileRef = 7CC0B4FC2ADFE712007B80BD /* DogDetailsAction.swift */; };
		7CDB88972B34507D0081886F /* SelectBreedModel.swift in Sources */ = {isa = PBXBuildFile; fileRef = 7CDB88962B34507D0081886F /* SelectBreedModel.swift */; };
		7CDB889A2B4E94EE0081886F /* DogDetailsModel.swift in Sources */ = {isa = PBXBuildFile; fileRef = 7CDB88992B4E94EE0081886F /* DogDetailsModel.swift */; };
		7CE648602AC6B79300FD5DB1 /* AddNewDogState.swift in Sources */ = {isa = PBXBuildFile; fileRef = 7CE6485F2AC6B79300FD5DB1 /* AddNewDogState.swift */; };
		7CE648622AC6B7D800FD5DB1 /* AddNewDogAction.swift in Sources */ = {isa = PBXBuildFile; fileRef = 7CE648612AC6B7D800FD5DB1 /* AddNewDogAction.swift */; };
		7CE648652AC6B80700FD5DB1 /* AddNewDogViewModel.swift in Sources */ = {isa = PBXBuildFile; fileRef = 7CE648642AC6B80700FD5DB1 /* AddNewDogViewModel.swift */; };
		7CE648942ACC6A1800FD5DB1 /* DogStorageService.swift in Sources */ = {isa = PBXBuildFile; fileRef = 7CE648932ACC6A1800FD5DB1 /* DogStorageService.swift */; };
		7CE648972ACD63B400FD5DB1 /* CoreDataModel.xcdatamodeld in Sources */ = {isa = PBXBuildFile; fileRef = 7CE648952ACD63B400FD5DB1 /* CoreDataModel.xcdatamodeld */; };
		7CE6489B2ACD814B00FD5DB1 /* .gitignore in Resources */ = {isa = PBXBuildFile; fileRef = 7CE6489A2ACD814B00FD5DB1 /* .gitignore */; };
		7CE6489F2ACFF69400FD5DB1 /* DogsListModel.swift in Sources */ = {isa = PBXBuildFile; fileRef = 7CE6489E2ACFF69400FD5DB1 /* DogsListModel.swift */; };
		7CED29A42B51570300EDF509 /* ScheduleReminderViewController.swift in Sources */ = {isa = PBXBuildFile; fileRef = 7CED29A32B51570300EDF509 /* ScheduleReminderViewController.swift */; };
		7CED29A62B554C2B00EDF509 /* DogsNotificationsManager.swift in Sources */ = {isa = PBXBuildFile; fileRef = 7CED29A52B554C2B00EDF509 /* DogsNotificationsManager.swift */; };
		7CED29A92B56A73000EDF509 /* ScheduleReminderViewModel.swift in Sources */ = {isa = PBXBuildFile; fileRef = 7CED29A82B56A73000EDF509 /* ScheduleReminderViewModel.swift */; };
		7CED29AB2B56AAA800EDF509 /* ScheduleReminderAction.swift in Sources */ = {isa = PBXBuildFile; fileRef = 7CED29AA2B56AAA800EDF509 /* ScheduleReminderAction.swift */; };
		7CED29AE2B57F03C00EDF509 /* NotificationsListViewController.swift in Sources */ = {isa = PBXBuildFile; fileRef = 7CED29AD2B57F03C00EDF509 /* NotificationsListViewController.swift */; };
		7CED29B12B5948C000EDF509 /* NotificationCollectionViewCell.swift in Sources */ = {isa = PBXBuildFile; fileRef = 7CED29B02B5948C000EDF509 /* NotificationCollectionViewCell.swift */; };
		7CED29B52B594EA900EDF509 /* NotificationsViewModel.swift in Sources */ = {isa = PBXBuildFile; fileRef = 7CED29B42B594EA900EDF509 /* NotificationsViewModel.swift */; };
		7CED29B72B594F2E00EDF509 /* NotificationModel.swift in Sources */ = {isa = PBXBuildFile; fileRef = 7CED29B62B594F2E00EDF509 /* NotificationModel.swift */; };
		7CED29B92B5AB8DB00EDF509 /* NotificationsState.swift in Sources */ = {isa = PBXBuildFile; fileRef = 7CED29B82B5AB8DB00EDF509 /* NotificationsState.swift */; };
		7CED29BB2B6F06A600EDF509 /* breeds.json in Resources */ = {isa = PBXBuildFile; fileRef = 7CED29BA2B6F06A600EDF509 /* breeds.json */; };
		7CED29BD2B6F1AB200EDF509 /* Readme.md in Resources */ = {isa = PBXBuildFile; fileRef = 7CED29BC2B6F1AB200EDF509 /* Readme.md */; };
/* End PBXBuildFile section */

/* Begin PBXFileReference section */
		7C13C1122AE9025900D14041 /* BreedsDataSource.swift */ = {isa = PBXFileReference; lastKnownFileType = sourcecode.swift; path = BreedsDataSource.swift; sourceTree = "<group>"; };
		7C13C1152AE9033400D14041 /* DogsFilterViewController.swift */ = {isa = PBXFileReference; lastKnownFileType = sourcecode.swift; path = DogsFilterViewController.swift; sourceTree = "<group>"; };
		7C13C1192AE906D100D14041 /* SelectBreedFilterViewController.swift */ = {isa = PBXFileReference; lastKnownFileType = sourcecode.swift; path = SelectBreedFilterViewController.swift; sourceTree = "<group>"; };
		7C13C11C2AE9082D00D14041 /* BreedsCollectionViewCell.swift */ = {isa = PBXFileReference; lastKnownFileType = sourcecode.swift; path = BreedsCollectionViewCell.swift; sourceTree = "<group>"; };
		7C13C11F2AEA5BB400D14041 /* SelectBreedViewModel.swift */ = {isa = PBXFileReference; lastKnownFileType = sourcecode.swift; path = SelectBreedViewModel.swift; sourceTree = "<group>"; };
		7C13C1212AEA5BC100D14041 /* SelectBreedState.swift */ = {isa = PBXFileReference; lastKnownFileType = sourcecode.swift; path = SelectBreedState.swift; sourceTree = "<group>"; };
		7C13C1262AEA5C8E00D14041 /* SelectBreedAction.swift */ = {isa = PBXFileReference; lastKnownFileType = sourcecode.swift; path = SelectBreedAction.swift; sourceTree = "<group>"; };
		7C13C1292AEBDC1100D14041 /* DogFiltersViewModel.swift */ = {isa = PBXFileReference; lastKnownFileType = sourcecode.swift; path = DogFiltersViewModel.swift; sourceTree = "<group>"; };
		7C13C12C2AEBDC6200D14041 /* DogFiltersState.swift */ = {isa = PBXFileReference; lastKnownFileType = sourcecode.swift; path = DogFiltersState.swift; sourceTree = "<group>"; };
		7C13C12E2AEBDC9D00D14041 /* DogFiltersAction.swift */ = {isa = PBXFileReference; lastKnownFileType = sourcecode.swift; path = DogFiltersAction.swift; sourceTree = "<group>"; };
		7C13C1302AF12DBA00D14041 /* FilterForDogs.swift */ = {isa = PBXFileReference; lastKnownFileType = sourcecode.swift; path = FilterForDogs.swift; sourceTree = "<group>"; };
		7C13C1372AFA4EB500D14041 /* BreedsDataModel.swift */ = {isa = PBXFileReference; lastKnownFileType = sourcecode.swift; path = BreedsDataModel.swift; sourceTree = "<group>"; };
		7C429FD12AC4228600D43549 /* DogListViewModel.swift */ = {isa = PBXFileReference; lastKnownFileType = sourcecode.swift; path = DogListViewModel.swift; sourceTree = "<group>"; };
		7CB798212AC1BA83001E4801 /* Shelter.app */ = {isa = PBXFileReference; explicitFileType = wrapper.application; includeInIndex = 0; path = Shelter.app; sourceTree = BUILT_PRODUCTS_DIR; };
		7CB798242AC1BA83001E4801 /* AppDelegate.swift */ = {isa = PBXFileReference; lastKnownFileType = sourcecode.swift; path = AppDelegate.swift; sourceTree = "<group>"; };
		7CB798262AC1BA83001E4801 /* SceneDelegate.swift */ = {isa = PBXFileReference; lastKnownFileType = sourcecode.swift; path = SceneDelegate.swift; sourceTree = "<group>"; };
		7CB7982D2AC1BA84001E4801 /* Assets.xcassets */ = {isa = PBXFileReference; lastKnownFileType = folder.assetcatalog; path = Assets.xcassets; sourceTree = "<group>"; };
		7CB798322AC1BA84001E4801 /* Info.plist */ = {isa = PBXFileReference; lastKnownFileType = text.plist.xml; path = Info.plist; sourceTree = "<group>"; };
		7CB7983C2AC1BC3D001E4801 /* DogsListViewController.swift */ = {isa = PBXFileReference; lastKnownFileType = sourcecode.swift; path = DogsListViewController.swift; sourceTree = "<group>"; };
		7CB798402AC1C387001E4801 /* AddNewDogViewController.swift */ = {isa = PBXFileReference; lastKnownFileType = sourcecode.swift; path = AddNewDogViewController.swift; sourceTree = "<group>"; };
		7CB798452AC1CCCF001E4801 /* FetchDogCoreDataModel.swift */ = {isa = PBXFileReference; lastKnownFileType = sourcecode.swift; path = FetchDogCoreDataModel.swift; sourceTree = "<group>"; };
		7CB798472AC1D138001E4801 /* DogsListCollectionViewCell.swift */ = {isa = PBXFileReference; lastKnownFileType = sourcecode.swift; path = DogsListCollectionViewCell.swift; sourceTree = "<group>"; };
		7CB798492AC41FE7001E4801 /* DogListState.swift */ = {isa = PBXFileReference; lastKnownFileType = sourcecode.swift; path = DogListState.swift; sourceTree = "<group>"; };
		7CC0B4F12ADE75E3007B80BD /* DogDetailsViewController.swift */ = {isa = PBXFileReference; lastKnownFileType = sourcecode.swift; path = DogDetailsViewController.swift; sourceTree = "<group>"; };
		7CC0B4F32ADE8070007B80BD /* DogDetailsViewModel.swift */ = {isa = PBXFileReference; lastKnownFileType = sourcecode.swift; path = DogDetailsViewModel.swift; sourceTree = "<group>"; };
		7CC0B4F62ADFCDBB007B80BD /* CalculateDates.swift */ = {isa = PBXFileReference; lastKnownFileType = sourcecode.swift; path = CalculateDates.swift; sourceTree = "<group>"; };
		7CC0B4F82ADFD499007B80BD /* SaveDogCoreDataModel.swift */ = {isa = PBXFileReference; lastKnownFileType = sourcecode.swift; path = SaveDogCoreDataModel.swift; sourceTree = "<group>"; };
		7CC0B4FA2ADFE5BC007B80BD /* DogDetailsState.swift */ = {isa = PBXFileReference; lastKnownFileType = sourcecode.swift; path = DogDetailsState.swift; sourceTree = "<group>"; };
		7CC0B4FC2ADFE712007B80BD /* DogDetailsAction.swift */ = {isa = PBXFileReference; lastKnownFileType = sourcecode.swift; path = DogDetailsAction.swift; sourceTree = "<group>"; };
		7CDB88962B34507D0081886F /* SelectBreedModel.swift */ = {isa = PBXFileReference; lastKnownFileType = sourcecode.swift; path = SelectBreedModel.swift; sourceTree = "<group>"; };
		7CDB88992B4E94EE0081886F /* DogDetailsModel.swift */ = {isa = PBXFileReference; lastKnownFileType = sourcecode.swift; path = DogDetailsModel.swift; sourceTree = "<group>"; };
		7CE6485F2AC6B79300FD5DB1 /* AddNewDogState.swift */ = {isa = PBXFileReference; lastKnownFileType = sourcecode.swift; path = AddNewDogState.swift; sourceTree = "<group>"; };
		7CE648612AC6B7D800FD5DB1 /* AddNewDogAction.swift */ = {isa = PBXFileReference; lastKnownFileType = sourcecode.swift; path = AddNewDogAction.swift; sourceTree = "<group>"; };
		7CE648642AC6B80700FD5DB1 /* AddNewDogViewModel.swift */ = {isa = PBXFileReference; lastKnownFileType = sourcecode.swift; path = AddNewDogViewModel.swift; sourceTree = "<group>"; };
		7CE648932ACC6A1800FD5DB1 /* DogStorageService.swift */ = {isa = PBXFileReference; lastKnownFileType = sourcecode.swift; path = DogStorageService.swift; sourceTree = "<group>"; };
		7CE648962ACD63B400FD5DB1 /* CoreDataModel.xcdatamodel */ = {isa = PBXFileReference; lastKnownFileType = wrapper.xcdatamodel; path = CoreDataModel.xcdatamodel; sourceTree = "<group>"; };
		7CE6489A2ACD814B00FD5DB1 /* .gitignore */ = {isa = PBXFileReference; lastKnownFileType = text; path = .gitignore; sourceTree = "<group>"; };
		7CE6489E2ACFF69400FD5DB1 /* DogsListModel.swift */ = {isa = PBXFileReference; lastKnownFileType = sourcecode.swift; path = DogsListModel.swift; sourceTree = "<group>"; };
		7CED29A32B51570300EDF509 /* ScheduleReminderViewController.swift */ = {isa = PBXFileReference; lastKnownFileType = sourcecode.swift; path = ScheduleReminderViewController.swift; sourceTree = "<group>"; };
		7CED29A52B554C2B00EDF509 /* DogsNotificationsManager.swift */ = {isa = PBXFileReference; lastKnownFileType = sourcecode.swift; path = DogsNotificationsManager.swift; sourceTree = "<group>"; };
		7CED29A82B56A73000EDF509 /* ScheduleReminderViewModel.swift */ = {isa = PBXFileReference; lastKnownFileType = sourcecode.swift; path = ScheduleReminderViewModel.swift; sourceTree = "<group>"; };
		7CED29AA2B56AAA800EDF509 /* ScheduleReminderAction.swift */ = {isa = PBXFileReference; lastKnownFileType = sourcecode.swift; path = ScheduleReminderAction.swift; sourceTree = "<group>"; };
		7CED29AD2B57F03C00EDF509 /* NotificationsListViewController.swift */ = {isa = PBXFileReference; lastKnownFileType = sourcecode.swift; path = NotificationsListViewController.swift; sourceTree = "<group>"; };
		7CED29B02B5948C000EDF509 /* NotificationCollectionViewCell.swift */ = {isa = PBXFileReference; lastKnownFileType = sourcecode.swift; path = NotificationCollectionViewCell.swift; sourceTree = "<group>"; };
		7CED29B42B594EA900EDF509 /* NotificationsViewModel.swift */ = {isa = PBXFileReference; lastKnownFileType = sourcecode.swift; path = NotificationsViewModel.swift; sourceTree = "<group>"; };
		7CED29B62B594F2E00EDF509 /* NotificationModel.swift */ = {isa = PBXFileReference; lastKnownFileType = sourcecode.swift; path = NotificationModel.swift; sourceTree = "<group>"; };
		7CED29B82B5AB8DB00EDF509 /* NotificationsState.swift */ = {isa = PBXFileReference; lastKnownFileType = sourcecode.swift; path = NotificationsState.swift; sourceTree = "<group>"; };
		7CED29BA2B6F06A600EDF509 /* breeds.json */ = {isa = PBXFileReference; fileEncoding = 4; lastKnownFileType = text.json; path = breeds.json; sourceTree = "<group>"; };
		7CED29BC2B6F1AB200EDF509 /* Readme.md */ = {isa = PBXFileReference; lastKnownFileType = net.daringfireball.markdown; path = Readme.md; sourceTree = "<group>"; };
/* End PBXFileReference section */

/* Begin PBXFrameworksBuildPhase section */
		7CB7981E2AC1BA83001E4801 /* Frameworks */ = {
			isa = PBXFrameworksBuildPhase;
			buildActionMask = 2147483647;
			files = (
			);
			runOnlyForDeploymentPostprocessing = 0;
		};
/* End PBXFrameworksBuildPhase section */

/* Begin PBXGroup section */
		7C13C1142AE9031500D14041 /* DogFilters */ = {
			isa = PBXGroup;
			children = (
				7C13C1282AEBD7B100D14041 /* ViewModel */,
				7C13C1172AE9039400D14041 /* View */,
			);
			path = DogFilters;
			sourceTree = "<group>";
		};
		7C13C1172AE9039400D14041 /* View */ = {
			isa = PBXGroup;
			children = (
				7C13C1152AE9033400D14041 /* DogsFilterViewController.swift */,
			);
			path = View;
			sourceTree = "<group>";
		};
		7C13C1182AE906B300D14041 /* SelectBreed */ = {
			isa = PBXGroup;
			children = (
				7CDB88952B3450570081886F /* Model */,
				7C13C11E2AEA5B6200D14041 /* ViewModel */,
				7C13C11B2AE9080100D14041 /* View */,
			);
			path = SelectBreed;
			sourceTree = "<group>";
		};
		7C13C11B2AE9080100D14041 /* View */ = {
			isa = PBXGroup;
			children = (
				7C13C1192AE906D100D14041 /* SelectBreedFilterViewController.swift */,
				7C13C11C2AE9082D00D14041 /* BreedsCollectionViewCell.swift */,
			);
			path = View;
			sourceTree = "<group>";
		};
		7C13C11E2AEA5B6200D14041 /* ViewModel */ = {
			isa = PBXGroup;
			children = (
				7C13C11F2AEA5BB400D14041 /* SelectBreedViewModel.swift */,
				7C13C1212AEA5BC100D14041 /* SelectBreedState.swift */,
				7C13C1262AEA5C8E00D14041 /* SelectBreedAction.swift */,
			);
			path = ViewModel;
			sourceTree = "<group>";
		};
		7C13C1282AEBD7B100D14041 /* ViewModel */ = {
			isa = PBXGroup;
			children = (
				7C13C1292AEBDC1100D14041 /* DogFiltersViewModel.swift */,
				7C13C12C2AEBDC6200D14041 /* DogFiltersState.swift */,
				7C13C12E2AEBDC9D00D14041 /* DogFiltersAction.swift */,
			);
			path = ViewModel;
			sourceTree = "<group>";
		};
		7C13C1362AFA4EA500D14041 /* BreedsSource */ = {
			isa = PBXGroup;
			children = (
				7C13C1372AFA4EB500D14041 /* BreedsDataModel.swift */,
				7C13C1122AE9025900D14041 /* BreedsDataSource.swift */,
			);
			path = BreedsSource;
			sourceTree = "<group>";
		};
		7CB798182AC1BA83001E4801 = {
			isa = PBXGroup;
			children = (
				7CED29BC2B6F1AB200EDF509 /* Readme.md */,
				7C13C1362AFA4EA500D14041 /* BreedsSource */,
				7CE6488F2ACC68C200FD5DB1 /* CoreData */,
				7CB798232AC1BA83001E4801 /* Shelter */,
				7CE6489A2ACD814B00FD5DB1 /* .gitignore */,
				7CC0B4F52ADFCD9B007B80BD /* Utils */,
				7CB798422AC1C8A9001E4801 /* DogsStorage */,
				7C13C1182AE906B300D14041 /* SelectBreed */,
				7CED29AC2B57F01B00EDF509 /* NotificationsList */,
				7C13C1142AE9031500D14041 /* DogFilters */,
				7CB798382AC1BBD8001E4801 /* DogsList */,
				7CB7983E2AC1C32E001E4801 /* AddNewDog */,
				7CED29A12B5156C900EDF509 /* ScheduleReminder */,
				7CC0B4EE2ADE753A007B80BD /* DogDetails */,
				7CB798222AC1BA83001E4801 /* Products */,
			);
			sourceTree = "<group>";
		};
		7CB798222AC1BA83001E4801 /* Products */ = {
			isa = PBXGroup;
			children = (
				7CB798212AC1BA83001E4801 /* Shelter.app */,
			);
			name = Products;
			sourceTree = "<group>";
		};
		7CB798232AC1BA83001E4801 /* Shelter */ = {
			isa = PBXGroup;
			children = (
				7CED29BA2B6F06A600EDF509 /* breeds.json */,
				7CB798242AC1BA83001E4801 /* AppDelegate.swift */,
				7CB798262AC1BA83001E4801 /* SceneDelegate.swift */,
				7CB7982D2AC1BA84001E4801 /* Assets.xcassets */,
				7CB798322AC1BA84001E4801 /* Info.plist */,
			);
			path = Shelter;
			sourceTree = "<group>";
		};
		7CB798382AC1BBD8001E4801 /* DogsList */ = {
			isa = PBXGroup;
			children = (
				7CE6489C2ACFF67B00FD5DB1 /* Model */,
				7CB7983B2AC1BC14001E4801 /* View */,
				7CB798392AC1BBFD001E4801 /* ViewModel */,
			);
			path = DogsList;
			sourceTree = "<group>";
		};
		7CB798392AC1BBFD001E4801 /* ViewModel */ = {
			isa = PBXGroup;
			children = (
				7CB798492AC41FE7001E4801 /* DogListState.swift */,
				7C429FD12AC4228600D43549 /* DogListViewModel.swift */,
			);
			path = ViewModel;
			sourceTree = "<group>";
		};
		7CB7983B2AC1BC14001E4801 /* View */ = {
			isa = PBXGroup;
			children = (
				7CB7983C2AC1BC3D001E4801 /* DogsListViewController.swift */,
				7CB798472AC1D138001E4801 /* DogsListCollectionViewCell.swift */,
			);
			path = View;
			sourceTree = "<group>";
		};
		7CB7983E2AC1C32E001E4801 /* AddNewDog */ = {
			isa = PBXGroup;
			children = (
				7CB7983F2AC1C375001E4801 /* View */,
				7CE6485D2AC6B76F00FD5DB1 /* ViewModel */,
			);
			path = AddNewDog;
			sourceTree = "<group>";
		};
		7CB7983F2AC1C375001E4801 /* View */ = {
			isa = PBXGroup;
			children = (
				7CB798402AC1C387001E4801 /* AddNewDogViewController.swift */,
			);
			path = View;
			sourceTree = "<group>";
		};
		7CB798422AC1C8A9001E4801 /* DogsStorage */ = {
			isa = PBXGroup;
			children = (
				7CB798452AC1CCCF001E4801 /* FetchDogCoreDataModel.swift */,
				7CE648932ACC6A1800FD5DB1 /* DogStorageService.swift */,
				7CC0B4F82ADFD499007B80BD /* SaveDogCoreDataModel.swift */,
			);
			path = DogsStorage;
			sourceTree = "<group>";
		};
		7CC0B4EE2ADE753A007B80BD /* DogDetails */ = {
			isa = PBXGroup;
			children = (
				7CDB88982B4E94DF0081886F /* Model */,
				7CC0B4EF2ADE759C007B80BD /* View */,
				7CC0B4F02ADE75A7007B80BD /* ViewModel */,
			);
			path = DogDetails;
			sourceTree = "<group>";
		};
		7CC0B4EF2ADE759C007B80BD /* View */ = {
			isa = PBXGroup;
			children = (
				7CC0B4F12ADE75E3007B80BD /* DogDetailsViewController.swift */,
			);
			path = View;
			sourceTree = "<group>";
		};
		7CC0B4F02ADE75A7007B80BD /* ViewModel */ = {
			isa = PBXGroup;
			children = (
				7CC0B4F32ADE8070007B80BD /* DogDetailsViewModel.swift */,
				7CC0B4FA2ADFE5BC007B80BD /* DogDetailsState.swift */,
				7CC0B4FC2ADFE712007B80BD /* DogDetailsAction.swift */,
			);
			path = ViewModel;
			sourceTree = "<group>";
		};
		7CC0B4F52ADFCD9B007B80BD /* Utils */ = {
			isa = PBXGroup;
			children = (
				7CC0B4F62ADFCDBB007B80BD /* CalculateDates.swift */,
				7C13C1302AF12DBA00D14041 /* FilterForDogs.swift */,
				7CED29A52B554C2B00EDF509 /* DogsNotificationsManager.swift */,
			);
			path = Utils;
			sourceTree = "<group>";
		};
		7CDB88952B3450570081886F /* Model */ = {
			isa = PBXGroup;
			children = (
				7CDB88962B34507D0081886F /* SelectBreedModel.swift */,
			);
			path = Model;
			sourceTree = "<group>";
		};
		7CDB88982B4E94DF0081886F /* Model */ = {
			isa = PBXGroup;
			children = (
				7CDB88992B4E94EE0081886F /* DogDetailsModel.swift */,
			);
			path = Model;
			sourceTree = "<group>";
		};
		7CE6485D2AC6B76F00FD5DB1 /* ViewModel */ = {
			isa = PBXGroup;
			children = (
				7CE6485F2AC6B79300FD5DB1 /* AddNewDogState.swift */,
				7CE648612AC6B7D800FD5DB1 /* AddNewDogAction.swift */,
				7CE648642AC6B80700FD5DB1 /* AddNewDogViewModel.swift */,
			);
			path = ViewModel;
			sourceTree = "<group>";
		};
		7CE6488F2ACC68C200FD5DB1 /* CoreData */ = {
			isa = PBXGroup;
			children = (
				7CE648952ACD63B400FD5DB1 /* CoreDataModel.xcdatamodeld */,
			);
			path = CoreData;
			sourceTree = "<group>";
		};
		7CE6489C2ACFF67B00FD5DB1 /* Model */ = {
			isa = PBXGroup;
			children = (
				7CE6489E2ACFF69400FD5DB1 /* DogsListModel.swift */,
			);
			path = Model;
			sourceTree = "<group>";
		};
		7CED29A12B5156C900EDF509 /* ScheduleReminder */ = {
			isa = PBXGroup;
			children = (
				7CED29A72B56A72100EDF509 /* ViewModel */,
				7CED29A22B5156D900EDF509 /* View */,
			);
			path = ScheduleReminder;
			sourceTree = "<group>";
		};
		7CED29A22B5156D900EDF509 /* View */ = {
			isa = PBXGroup;
			children = (
				7CED29A32B51570300EDF509 /* ScheduleReminderViewController.swift */,
			);
			path = View;
			sourceTree = "<group>";
		};
		7CED29A72B56A72100EDF509 /* ViewModel */ = {
			isa = PBXGroup;
			children = (
				7CED29A82B56A73000EDF509 /* ScheduleReminderViewModel.swift */,
				7CED29AA2B56AAA800EDF509 /* ScheduleReminderAction.swift */,
			);
			path = ViewModel;
			sourceTree = "<group>";
		};
		7CED29AC2B57F01B00EDF509 /* NotificationsList */ = {
			isa = PBXGroup;
			children = (
				7CED29B32B594E8C00EDF509 /* Model */,
				7CED29B22B594E8500EDF509 /* ViewModel */,
				7CED29AF2B59489300EDF509 /* View */,
			);
			path = NotificationsList;
			sourceTree = "<group>";
		};
		7CED29AF2B59489300EDF509 /* View */ = {
			isa = PBXGroup;
			children = (
				7CED29AD2B57F03C00EDF509 /* NotificationsListViewController.swift */,
				7CED29B02B5948C000EDF509 /* NotificationCollectionViewCell.swift */,
			);
			path = View;
			sourceTree = "<group>";
		};
		7CED29B22B594E8500EDF509 /* ViewModel */ = {
			isa = PBXGroup;
			children = (
				7CED29B42B594EA900EDF509 /* NotificationsViewModel.swift */,
				7CED29B82B5AB8DB00EDF509 /* NotificationsState.swift */,
			);
			path = ViewModel;
			sourceTree = "<group>";
		};
		7CED29B32B594E8C00EDF509 /* Model */ = {
			isa = PBXGroup;
			children = (
				7CED29B62B594F2E00EDF509 /* NotificationModel.swift */,
			);
			path = Model;
			sourceTree = "<group>";
		};
/* End PBXGroup section */

/* Begin PBXNativeTarget section */
		7CB798202AC1BA83001E4801 /* Shelter */ = {
			isa = PBXNativeTarget;
			buildConfigurationList = 7CB798352AC1BA84001E4801 /* Build configuration list for PBXNativeTarget "Shelter" */;
			buildPhases = (
				7CB7981D2AC1BA83001E4801 /* Sources */,
				7CB7981E2AC1BA83001E4801 /* Frameworks */,
				7CB7981F2AC1BA83001E4801 /* Resources */,
			);
			buildRules = (
			);
			dependencies = (
			);
			name = Shelter;
			productName = Shelter;
			productReference = 7CB798212AC1BA83001E4801 /* Shelter.app */;
			productType = "com.apple.product-type.application";
		};
/* End PBXNativeTarget section */

/* Begin PBXProject section */
		7CB798192AC1BA83001E4801 /* Project object */ = {
			isa = PBXProject;
			attributes = {
				BuildIndependentTargetsInParallel = 1;
				LastSwiftUpdateCheck = 1430;
				LastUpgradeCheck = 1510;
				TargetAttributes = {
					7CB798202AC1BA83001E4801 = {
						CreatedOnToolsVersion = 14.3.1;
					};
				};
			};
			buildConfigurationList = 7CB7981C2AC1BA83001E4801 /* Build configuration list for PBXProject "Shelter" */;
			compatibilityVersion = "Xcode 14.0";
			developmentRegion = en;
			hasScannedForEncodings = 0;
			knownRegions = (
				en,
				Base,
			);
			mainGroup = 7CB798182AC1BA83001E4801;
			productRefGroup = 7CB798222AC1BA83001E4801 /* Products */;
			projectDirPath = "";
			projectRoot = "";
			targets = (
				7CB798202AC1BA83001E4801 /* Shelter */,
			);
		};
/* End PBXProject section */

/* Begin PBXResourcesBuildPhase section */
		7CB7981F2AC1BA83001E4801 /* Resources */ = {
			isa = PBXResourcesBuildPhase;
			buildActionMask = 2147483647;
			files = (
				7CED29BB2B6F06A600EDF509 /* breeds.json in Resources */,
				7CE6489B2ACD814B00FD5DB1 /* .gitignore in Resources */,
				7CED29BD2B6F1AB200EDF509 /* Readme.md in Resources */,
				7CB7982E2AC1BA84001E4801 /* Assets.xcassets in Resources */,
			);
			runOnlyForDeploymentPostprocessing = 0;
		};
/* End PBXResourcesBuildPhase section */

/* Begin PBXSourcesBuildPhase section */
		7CB7981D2AC1BA83001E4801 /* Sources */ = {
			isa = PBXSourcesBuildPhase;
			buildActionMask = 2147483647;
			files = (
				7CED29B72B594F2E00EDF509 /* NotificationModel.swift in Sources */,
				7CE648622AC6B7D800FD5DB1 /* AddNewDogAction.swift in Sources */,
				7CDB88972B34507D0081886F /* SelectBreedModel.swift in Sources */,
				7C13C11A2AE906D100D14041 /* SelectBreedFilterViewController.swift in Sources */,
				7C429FD22AC4228600D43549 /* DogListViewModel.swift in Sources */,
				7CE648602AC6B79300FD5DB1 /* AddNewDogState.swift in Sources */,
				7CE648972ACD63B400FD5DB1 /* CoreDataModel.xcdatamodeld in Sources */,
				7CED29B92B5AB8DB00EDF509 /* NotificationsState.swift in Sources */,
				7C13C1202AEA5BB400D14041 /* SelectBreedViewModel.swift in Sources */,
				7CED29A62B554C2B00EDF509 /* DogsNotificationsManager.swift in Sources */,
				7CB7983D2AC1BC3D001E4801 /* DogsListViewController.swift in Sources */,
				7CE648652AC6B80700FD5DB1 /* AddNewDogViewModel.swift in Sources */,
				7C13C1222AEA5BC100D14041 /* SelectBreedState.swift in Sources */,
				7CE6489F2ACFF69400FD5DB1 /* DogsListModel.swift in Sources */,
				7CC0B4FD2ADFE712007B80BD /* DogDetailsAction.swift in Sources */,
				7CED29A42B51570300EDF509 /* ScheduleReminderViewController.swift in Sources */,
				7CC0B4F72ADFCDBB007B80BD /* CalculateDates.swift in Sources */,
				7CB798482AC1D138001E4801 /* DogsListCollectionViewCell.swift in Sources */,
				7C13C12D2AEBDC6200D14041 /* DogFiltersState.swift in Sources */,
				7C13C1272AEA5C8E00D14041 /* SelectBreedAction.swift in Sources */,
				7CED29AB2B56AAA800EDF509 /* ScheduleReminderAction.swift in Sources */,
				7CC0B4F42ADE8070007B80BD /* DogDetailsViewModel.swift in Sources */,
				7C13C1382AFA4EB500D14041 /* BreedsDataModel.swift in Sources */,
				7CED29B12B5948C000EDF509 /* NotificationCollectionViewCell.swift in Sources */,
				7C13C12F2AEBDC9D00D14041 /* DogFiltersAction.swift in Sources */,
				7CED29A92B56A73000EDF509 /* ScheduleReminderViewModel.swift in Sources */,
				7C13C1132AE9025900D14041 /* BreedsDataSource.swift in Sources */,
				7CED29AE2B57F03C00EDF509 /* NotificationsListViewController.swift in Sources */,
				7CB798252AC1BA83001E4801 /* AppDelegate.swift in Sources */,
				7C13C1312AF12DBA00D14041 /* FilterForDogs.swift in Sources */,
				7CE648942ACC6A1800FD5DB1 /* DogStorageService.swift in Sources */,
				7CC0B4F92ADFD499007B80BD /* SaveDogCoreDataModel.swift in Sources */,
				7CED29B52B594EA900EDF509 /* NotificationsViewModel.swift in Sources */,
				7C13C1162AE9033400D14041 /* DogsFilterViewController.swift in Sources */,
				7CDB889A2B4E94EE0081886F /* DogDetailsModel.swift in Sources */,
				7CB7984A2AC41FE7001E4801 /* DogListState.swift in Sources */,
				7CB798462AC1CCCF001E4801 /* FetchDogCoreDataModel.swift in Sources */,
				7C13C11D2AE9082D00D14041 /* BreedsCollectionViewCell.swift in Sources */,
				7C13C12A2AEBDC1100D14041 /* DogFiltersViewModel.swift in Sources */,
				7CC0B4FB2ADFE5BC007B80BD /* DogDetailsState.swift in Sources */,
				7CB798272AC1BA83001E4801 /* SceneDelegate.swift in Sources */,
				7CB798412AC1C387001E4801 /* AddNewDogViewController.swift in Sources */,
				7CC0B4F22ADE75E3007B80BD /* DogDetailsViewController.swift in Sources */,
			);
			runOnlyForDeploymentPostprocessing = 0;
		};
/* End PBXSourcesBuildPhase section */

/* Begin XCBuildConfiguration section */
		7CB798332AC1BA84001E4801 /* Debug */ = {
			isa = XCBuildConfiguration;
			buildSettings = {
				ALWAYS_SEARCH_USER_PATHS = NO;
				ASSETCATALOG_COMPILER_GENERATE_SWIFT_ASSET_SYMBOL_EXTENSIONS = YES;
				CLANG_ANALYZER_NONNULL = YES;
				CLANG_ANALYZER_NUMBER_OBJECT_CONVERSION = YES_AGGRESSIVE;
				CLANG_CXX_LANGUAGE_STANDARD = "gnu++20";
				CLANG_ENABLE_MODULES = YES;
				CLANG_ENABLE_OBJC_ARC = YES;
				CLANG_ENABLE_OBJC_WEAK = YES;
				CLANG_WARN_BLOCK_CAPTURE_AUTORELEASING = YES;
				CLANG_WARN_BOOL_CONVERSION = YES;
				CLANG_WARN_COMMA = YES;
				CLANG_WARN_CONSTANT_CONVERSION = YES;
				CLANG_WARN_DEPRECATED_OBJC_IMPLEMENTATIONS = YES;
				CLANG_WARN_DIRECT_OBJC_ISA_USAGE = YES_ERROR;
				CLANG_WARN_DOCUMENTATION_COMMENTS = YES;
				CLANG_WARN_EMPTY_BODY = YES;
				CLANG_WARN_ENUM_CONVERSION = YES;
				CLANG_WARN_INFINITE_RECURSION = YES;
				CLANG_WARN_INT_CONVERSION = YES;
				CLANG_WARN_NON_LITERAL_NULL_CONVERSION = YES;
				CLANG_WARN_OBJC_IMPLICIT_RETAIN_SELF = YES;
				CLANG_WARN_OBJC_LITERAL_CONVERSION = YES;
				CLANG_WARN_OBJC_ROOT_CLASS = YES_ERROR;
				CLANG_WARN_QUOTED_INCLUDE_IN_FRAMEWORK_HEADER = YES;
				CLANG_WARN_RANGE_LOOP_ANALYSIS = YES;
				CLANG_WARN_STRICT_PROTOTYPES = YES;
				CLANG_WARN_SUSPICIOUS_MOVE = YES;
				CLANG_WARN_UNGUARDED_AVAILABILITY = YES_AGGRESSIVE;
				CLANG_WARN_UNREACHABLE_CODE = YES;
				CLANG_WARN__DUPLICATE_METHOD_MATCH = YES;
				COPY_PHASE_STRIP = NO;
				DEBUG_INFORMATION_FORMAT = dwarf;
				ENABLE_STRICT_OBJC_MSGSEND = YES;
				ENABLE_TESTABILITY = YES;
				ENABLE_USER_SCRIPT_SANDBOXING = YES;
				GCC_C_LANGUAGE_STANDARD = gnu11;
				GCC_DYNAMIC_NO_PIC = NO;
				GCC_NO_COMMON_BLOCKS = YES;
				GCC_OPTIMIZATION_LEVEL = 0;
				GCC_PREPROCESSOR_DEFINITIONS = (
					"DEBUG=1",
					"$(inherited)",
				);
				GCC_WARN_64_TO_32_BIT_CONVERSION = YES;
				GCC_WARN_ABOUT_RETURN_TYPE = YES_ERROR;
				GCC_WARN_UNDECLARED_SELECTOR = YES;
				GCC_WARN_UNINITIALIZED_AUTOS = YES_AGGRESSIVE;
				GCC_WARN_UNUSED_FUNCTION = YES;
				GCC_WARN_UNUSED_VARIABLE = YES;
				IPHONEOS_DEPLOYMENT_TARGET = 16.4;
				MTL_ENABLE_DEBUG_INFO = INCLUDE_SOURCE;
				MTL_FAST_MATH = YES;
				ONLY_ACTIVE_ARCH = YES;
				SDKROOT = iphoneos;
				SWIFT_ACTIVE_COMPILATION_CONDITIONS = DEBUG;
				SWIFT_OPTIMIZATION_LEVEL = "-Onone";
			};
			name = Debug;
		};
		7CB798342AC1BA84001E4801 /* Release */ = {
			isa = XCBuildConfiguration;
			buildSettings = {
				ALWAYS_SEARCH_USER_PATHS = NO;
				ASSETCATALOG_COMPILER_GENERATE_SWIFT_ASSET_SYMBOL_EXTENSIONS = YES;
				CLANG_ANALYZER_NONNULL = YES;
				CLANG_ANALYZER_NUMBER_OBJECT_CONVERSION = YES_AGGRESSIVE;
				CLANG_CXX_LANGUAGE_STANDARD = "gnu++20";
				CLANG_ENABLE_MODULES = YES;
				CLANG_ENABLE_OBJC_ARC = YES;
				CLANG_ENABLE_OBJC_WEAK = YES;
				CLANG_WARN_BLOCK_CAPTURE_AUTORELEASING = YES;
				CLANG_WARN_BOOL_CONVERSION = YES;
				CLANG_WARN_COMMA = YES;
				CLANG_WARN_CONSTANT_CONVERSION = YES;
				CLANG_WARN_DEPRECATED_OBJC_IMPLEMENTATIONS = YES;
				CLANG_WARN_DIRECT_OBJC_ISA_USAGE = YES_ERROR;
				CLANG_WARN_DOCUMENTATION_COMMENTS = YES;
				CLANG_WARN_EMPTY_BODY = YES;
				CLANG_WARN_ENUM_CONVERSION = YES;
				CLANG_WARN_INFINITE_RECURSION = YES;
				CLANG_WARN_INT_CONVERSION = YES;
				CLANG_WARN_NON_LITERAL_NULL_CONVERSION = YES;
				CLANG_WARN_OBJC_IMPLICIT_RETAIN_SELF = YES;
				CLANG_WARN_OBJC_LITERAL_CONVERSION = YES;
				CLANG_WARN_OBJC_ROOT_CLASS = YES_ERROR;
				CLANG_WARN_QUOTED_INCLUDE_IN_FRAMEWORK_HEADER = YES;
				CLANG_WARN_RANGE_LOOP_ANALYSIS = YES;
				CLANG_WARN_STRICT_PROTOTYPES = YES;
				CLANG_WARN_SUSPICIOUS_MOVE = YES;
				CLANG_WARN_UNGUARDED_AVAILABILITY = YES_AGGRESSIVE;
				CLANG_WARN_UNREACHABLE_CODE = YES;
				CLANG_WARN__DUPLICATE_METHOD_MATCH = YES;
				COPY_PHASE_STRIP = NO;
				DEBUG_INFORMATION_FORMAT = "dwarf-with-dsym";
				ENABLE_NS_ASSERTIONS = NO;
				ENABLE_STRICT_OBJC_MSGSEND = YES;
				ENABLE_USER_SCRIPT_SANDBOXING = YES;
				GCC_C_LANGUAGE_STANDARD = gnu11;
				GCC_NO_COMMON_BLOCKS = YES;
				GCC_WARN_64_TO_32_BIT_CONVERSION = YES;
				GCC_WARN_ABOUT_RETURN_TYPE = YES_ERROR;
				GCC_WARN_UNDECLARED_SELECTOR = YES;
				GCC_WARN_UNINITIALIZED_AUTOS = YES_AGGRESSIVE;
				GCC_WARN_UNUSED_FUNCTION = YES;
				GCC_WARN_UNUSED_VARIABLE = YES;
				IPHONEOS_DEPLOYMENT_TARGET = 16.4;
				MTL_ENABLE_DEBUG_INFO = NO;
				MTL_FAST_MATH = YES;
				SDKROOT = iphoneos;
				SWIFT_COMPILATION_MODE = wholemodule;
				SWIFT_OPTIMIZATION_LEVEL = "-O";
				VALIDATE_PRODUCT = YES;
			};
			name = Release;
		};
		7CB798362AC1BA84001E4801 /* Debug */ = {
			isa = XCBuildConfiguration;
			buildSettings = {
				ASSETCATALOG_COMPILER_APPICON_NAME = AppIcon;
				ASSETCATALOG_COMPILER_GLOBAL_ACCENT_COLOR_NAME = AccentColor;
				CODE_SIGN_STYLE = Automatic;
				CURRENT_PROJECT_VERSION = 1;
				DEVELOPMENT_TEAM = 243GUG75DN;
				GENERATE_INFOPLIST_FILE = YES;
				INFOPLIST_FILE = Shelter/Info.plist;
				INFOPLIST_KEY_NSCameraUsageDescription = " Shelter camera use";
				INFOPLIST_KEY_NSPhotoLibraryUsageDescription = "Shelter photo use";
				INFOPLIST_KEY_UIApplicationSupportsIndirectInputEvents = YES;
				INFOPLIST_KEY_UILaunchStoryboardName = LaunchScreen;
				INFOPLIST_KEY_UISupportedInterfaceOrientations = UIInterfaceOrientationPortrait;
				INFOPLIST_KEY_UISupportedInterfaceOrientations_iPad = "UIInterfaceOrientationLandscapeLeft UIInterfaceOrientationLandscapeRight UIInterfaceOrientationPortrait UIInterfaceOrientationPortraitUpsideDown";
				LD_RUNPATH_SEARCH_PATHS = (
					"$(inherited)",
					"@executable_path/Frameworks",
				);
				MARKETING_VERSION = 1.0;
				PRODUCT_BUNDLE_IDENTIFIER = Sasha.Shelter;
				PRODUCT_NAME = "$(TARGET_NAME)";
				SUPPORTED_PLATFORMS = "iphoneos iphonesimulator";
				SUPPORTS_MACCATALYST = NO;
				SUPPORTS_MAC_DESIGNED_FOR_IPHONE_IPAD = NO;
				SWIFT_EMIT_LOC_STRINGS = YES;
				SWIFT_VERSION = 5.0;
				TARGETED_DEVICE_FAMILY = 1;
			};
			name = Debug;
		};
		7CB798372AC1BA84001E4801 /* Release */ = {
			isa = XCBuildConfiguration;
			buildSettings = {
				ASSETCATALOG_COMPILER_APPICON_NAME = AppIcon;
				ASSETCATALOG_COMPILER_GLOBAL_ACCENT_COLOR_NAME = AccentColor;
				CODE_SIGN_STYLE = Automatic;
				CURRENT_PROJECT_VERSION = 1;
				DEVELOPMENT_TEAM = 243GUG75DN;
				GENERATE_INFOPLIST_FILE = YES;
				INFOPLIST_FILE = Shelter/Info.plist;
				INFOPLIST_KEY_NSCameraUsageDescription = " Shelter camera use";
				INFOPLIST_KEY_NSPhotoLibraryUsageDescription = "Shelter photo use";
				INFOPLIST_KEY_UIApplicationSupportsIndirectInputEvents = YES;
				INFOPLIST_KEY_UILaunchStoryboardName = LaunchScreen;
				INFOPLIST_KEY_UISupportedInterfaceOrientations = UIInterfaceOrientationPortrait;
				INFOPLIST_KEY_UISupportedInterfaceOrientations_iPad = "UIInterfaceOrientationLandscapeLeft UIInterfaceOrientationLandscapeRight UIInterfaceOrientationPortrait UIInterfaceOrientationPortraitUpsideDown";
				LD_RUNPATH_SEARCH_PATHS = (
					"$(inherited)",
					"@executable_path/Frameworks",
				);
				MARKETING_VERSION = 1.0;
				PRODUCT_BUNDLE_IDENTIFIER = Sasha.Shelter;
				PRODUCT_NAME = "$(TARGET_NAME)";
				SUPPORTED_PLATFORMS = "iphoneos iphonesimulator";
				SUPPORTS_MACCATALYST = NO;
				SUPPORTS_MAC_DESIGNED_FOR_IPHONE_IPAD = NO;
				SWIFT_EMIT_LOC_STRINGS = YES;
				SWIFT_VERSION = 5.0;
				TARGETED_DEVICE_FAMILY = 1;
			};
			name = Release;
		};
/* End XCBuildConfiguration section */

/* Begin XCConfigurationList section */
		7CB7981C2AC1BA83001E4801 /* Build configuration list for PBXProject "Shelter" */ = {
			isa = XCConfigurationList;
			buildConfigurations = (
				7CB798332AC1BA84001E4801 /* Debug */,
				7CB798342AC1BA84001E4801 /* Release */,
			);
			defaultConfigurationIsVisible = 0;
			defaultConfigurationName = Release;
		};
		7CB798352AC1BA84001E4801 /* Build configuration list for PBXNativeTarget "Shelter" */ = {
			isa = XCConfigurationList;
			buildConfigurations = (
				7CB798362AC1BA84001E4801 /* Debug */,
				7CB798372AC1BA84001E4801 /* Release */,
			);
			defaultConfigurationIsVisible = 0;
			defaultConfigurationName = Release;
		};
/* End XCConfigurationList section */

/* Begin XCVersionGroup section */
		7CE648952ACD63B400FD5DB1 /* CoreDataModel.xcdatamodeld */ = {
			isa = XCVersionGroup;
			children = (
				7CE648962ACD63B400FD5DB1 /* CoreDataModel.xcdatamodel */,
			);
			currentVersion = 7CE648962ACD63B400FD5DB1 /* CoreDataModel.xcdatamodel */;
			path = CoreDataModel.xcdatamodeld;
			sourceTree = "<group>";
			versionGroupType = wrapper.xcdatamodel;
		};
/* End XCVersionGroup section */
	};
	rootObject = 7CB798192AC1BA83001E4801 /* Project object */;
}
